{
  "requires": true,
  "lockfileVersion": 1,
  "dependencies": {
    "marked": {
      "version": "14.1.0",
      "resolved": "https://registry.npmjs.org/marked/-/marked-14.1.0.tgz",
      "integrity": "sha512-P93GikH/Pde0hM5TAXEd8I4JAYi8IB03n8qzW8Bh1BIEFpEyBoYxi/XWZA53LSpTeLBiMQOoSMj0u5E/tiVYTA=="
    }
  }
}
