version = 1
revision = 3
requires-python = ">=3.13"

[[package]]
name = "rengine-api"
version = "3.0.0"
source = { virtual = "." }
dependencies = [
    { name = "validators" },
]

[package.metadata]
requires-dist = [{ name = "validators", specifier = ">=0.35.0" }]

[[package]]
name = "validators"
version = "0.35.0"
source = { registry = "https://pypi.org/simple" }
sdist = { url = "https://files.pythonhosted.org/packages/53/66/a435d9ae49850b2f071f7ebd8119dd4e84872b01630d6736761e6e7fd847/validators-0.35.0.tar.gz", hash = "sha256:992d6c48a4e77c81f1b4daba10d16c3a9bb0dbb79b3a19ea847ff0928e70497a", size = 73399, upload-time = "2025-05-01T05:42:06.7Z" }
wheels = [
    { url = "https://files.pythonhosted.org/packages/fa/6e/3e955517e22cbdd565f2f8b2e73d52528b14b8bcfdb04f62466b071de847/validators-0.35.0-py3-none-any.whl", hash = "sha256:e8c947097eae7892cb3d26868d637f79f47b4a0554bc6b80065dfe5aac3705dd", size = 44712, upload-time = "2025-05-01T05:42:04.203Z" },
]
